// !$*UTF8*$!
{
	archiveVersion = 1;
	classes = {
	};
	objectVersion = 77;
	objects = {

/* Begin PBXBuildFile section */
		E291AE882DD05723006B479D /* CocoaMQTT in Frameworks */ = {isa = PBXBuildFile; productRef = E291AE872DD05723006B479D /* CocoaMQTT */; };
		E291AE8C2DD0F997006B479D /* emqxsl-ca-pinpoint-dev.crt in Resources */ = {isa = PBXBuildFile; fileRef = E291AE8B2DD0F997006B479D /* emqxsl-ca-pinpoint-dev.crt */; };
/* End PBXBuildFile section */

/* Begin PBXContainerItemProxy section */
		E28161912DCFFA59002E0021 /* PBXContainerItemProxy */ = {
			isa = PBXContainerItemProxy;
			containerPortal = E281617B2DCFFA57002E0021 /* Project object */;
			proxyType = 1;
			remoteGlobalIDString = E28161822DCFFA57002E0021;
			remoteInfo = pinpoint;
		};
		E281619B2DCFFA59002E0021 /* PBXContainerItemProxy */ = {
			isa = PBXContainerItemProxy;
			containerPortal = E281617B2DCFFA57002E0021 /* Project object */;
			proxyType = 1;
			remoteGlobalIDString = E28161822DCFFA57002E0021;
			remoteInfo = pinpoint;
		};
/* End PBXContainerItemProxy section */

/* Begin PBXFileReference section */
		E28161832DCFFA57002E0021 /* pinpoint.app */ = {isa = PBXFileReference; explicitFileType = wrapper.application; includeInIndex = 0; path = pinpoint.app; sourceTree = BUILT_PRODUCTS_DIR; };
		E28161902DCFFA59002E0021 /* pinpointTests.xctest */ = {isa = PBXFileReference; explicitFileType = wrapper.cfbundle; includeInIndex = 0; path = pinpointTests.xctest; sourceTree = BUILT_PRODUCTS_DIR; };
		E281619A2DCFFA59002E0021 /* pinpointUITests.xctest */ = {isa = PBXFileReference; explicitFileType = wrapper.cfbundle; includeInIndex = 0; path = pinpointUITests.xctest; sourceTree = BUILT_PRODUCTS_DIR; };
		E291AE692DD00A24006B479D /* default.csv */ = {isa = PBXFileReference; lastKnownFileType = text; path = default.csv; sourceTree = "<group>"; };
		E291AE6A2DD00A24006B479D /* Info.plist */ = {isa = PBXFileReference; lastKnownFileType = text.plist.xml; path = Info.plist; sourceTree = "<group>"; };
		E291AE8B2DD0F997006B479D /* emqxsl-ca-pinpoint-dev.crt */ = {isa = PBXFileReference; lastKnownFileType = text; path = "emqxsl-ca-pinpoint-dev.crt"; sourceTree = "<group>"; };
/* End PBXFileReference section */

/* Begin PBXFileSystemSynchronizedBuildFileExceptionSet section */
		E291AE7C2DD00A74006B479D /* Exceptions for "pinpoint" folder in "pinpoint" target */ = {
			isa = PBXFileSystemSynchronizedBuildFileExceptionSet;
			membershipExceptions = (
				Assets.xcassets,
			);
			target = E28161822DCFFA57002E0021 /* pinpoint */;
		};
/* End PBXFileSystemSynchronizedBuildFileExceptionSet section */

/* Begin PBXFileSystemSynchronizedRootGroup section */
		E28161852DCFFA57002E0021 /* pinpoint */ = {
			isa = PBXFileSystemSynchronizedRootGroup;
			exceptions = (
				E291AE7C2DD00A74006B479D /* Exceptions for "pinpoint" folder in "pinpoint" target */,
			);
			path = pinpoint;
			sourceTree = "<group>";
		};
		E28161932DCFFA59002E0021 /* pinpointTests */ = {
			isa = PBXFileSystemSynchronizedRootGroup;
			path = pinpointTests;
			sourceTree = "<group>";
		};
		E281619D2DCFFA59002E0021 /* pinpointUITests */ = {
			isa = PBXFileSystemSynchronizedRootGroup;
			path = pinpointUITests;
			sourceTree = "<group>";
		};
/* End PBXFileSystemSynchronizedRootGroup section */

/* Begin PBXFrameworksBuildPhase section */
		E28161802DCFFA57002E0021 /* Frameworks */ = {
			isa = PBXFrameworksBuildPhase;
			buildActionMask = 2147483647;
			files = (
				E291AE882DD05723006B479D /* CocoaMQTT in Frameworks */,
			);
			runOnlyForDeploymentPostprocessing = 0;
		};
		E281618D2DCFFA59002E0021 /* Frameworks */ = {
			isa = PBXFrameworksBuildPhase;
			buildActionMask = 2147483647;
			files = (
			);
			runOnlyForDeploymentPostprocessing = 0;
		};
		E28161972DCFFA59002E0021 /* Frameworks */ = {
			isa = PBXFrameworksBuildPhase;
			buildActionMask = 2147483647;
			files = (
			);
			runOnlyForDeploymentPostprocessing = 0;
		};
/* End PBXFrameworksBuildPhase section */

/* Begin PBXGroup section */
		E281617A2DCFFA57002E0021 = {
			isa = PBXGroup;
			children = (
				E291AE8B2DD0F997006B479D /* emqxsl-ca-pinpoint-dev.crt */,
				E28161852DCFFA57002E0021 /* pinpoint */,
				E28161932DCFFA59002E0021 /* pinpointTests */,
				E281619D2DCFFA59002E0021 /* pinpointUITests */,
				E28161842DCFFA57002E0021 /* Products */,
				E291AE6A2DD00A24006B479D /* Info.plist */,
				E291AE692DD00A24006B479D /* default.csv */,
				E291AE862DD05723006B479D /* Frameworks */,
			);
			sourceTree = "<group>";
		};
		E28161842DCFFA57002E0021 /* Products */ = {
			isa = PBXGroup;
			children = (
				E28161832DCFFA57002E0021 /* pinpoint.app */,
				E28161902DCFFA59002E0021 /* pinpointTests.xctest */,
				E281619A2DCFFA59002E0021 /* pinpointUITests.xctest */,
			);
			name = Products;
			sourceTree = "<group>";
		};
		E291AE862DD05723006B479D /* Frameworks */ = {
			isa = PBXGroup;
			children = (
			);
			name = Frameworks;
			sourceTree = "<group>";
		};
/* End PBXGroup section */

/* Begin PBXNativeTarget section */
		E28161822DCFFA57002E0021 /* pinpoint */ = {
			isa = PBXNativeTarget;
			buildConfigurationList = E28161A42DCFFA59002E0021 /* Build configuration list for PBXNativeTarget "pinpoint" */;
			buildPhases = (
				E281617F2DCFFA57002E0021 /* Sources */,
				E28161802DCFFA57002E0021 /* Frameworks */,
				E28161812DCFFA57002E0021 /* Resources */,
			);
			buildRules = (
			);
			dependencies = (
			);
			fileSystemSynchronizedGroups = (
				E28161852DCFFA57002E0021 /* pinpoint */,
			);
			name = pinpoint;
			packageProductDependencies = (
				E291AE872DD05723006B479D /* CocoaMQTT */,
			);
			productName = pinpoint;
			productReference = E28161832DCFFA57002E0021 /* pinpoint.app */;
			productType = "com.apple.product-type.application";
		};
		E281618F2DCFFA59002E0021 /* pinpointTests */ = {
			isa = PBXNativeTarget;
			buildConfigurationList = E28161A72DCFFA59002E0021 /* Build configuration list for PBXNativeTarget "pinpointTests" */;
			buildPhases = (
				E281618C2DCFFA59002E0021 /* Sources */,
				E281618D2DCFFA59002E0021 /* Frameworks */,
				E281618E2DCFFA59002E0021 /* Resources */,
			);
			buildRules = (
			);
			dependencies = (
				E28161922DCFFA59002E0021 /* PBXTargetDependency */,
			);
			fileSystemSynchronizedGroups = (
				E28161932DCFFA59002E0021 /* pinpointTests */,
			);
			name = pinpointTests;
			packageProductDependencies = (
			);
			productName = pinpointTests;
			productReference = E28161902DCFFA59002E0021 /* pinpointTests.xctest */;
			productType = "com.apple.product-type.bundle.unit-test";
		};
		E28161992DCFFA59002E0021 /* pinpointUITests */ = {
			isa = PBXNativeTarget;
			buildConfigurationList = E28161AA2DCFFA59002E0021 /* Build configuration list for PBXNativeTarget "pinpointUITests" */;
			buildPhases = (
				E28161962DCFFA59002E0021 /* Sources */,
				E28161972DCFFA59002E0021 /* Frameworks */,
				E28161982DCFFA59002E0021 /* Resources */,
			);
			buildRules = (
			);
			dependencies = (
				E281619C2DCFFA59002E0021 /* PBXTargetDependency */,
			);
			fileSystemSynchronizedGroups = (
				E281619D2DCFFA59002E0021 /* pinpointUITests */,
			);
			name = pinpointUITests;
			packageProductDependencies = (
			);
			productName = pinpointUITests;
			productReference = E281619A2DCFFA59002E0021 /* pinpointUITests.xctest */;
			productType = "com.apple.product-type.bundle.ui-testing";
		};
/* End PBXNativeTarget section */

/* Begin PBXProject section */
		E281617B2DCFFA57002E0021 /* Project object */ = {
			isa = PBXProject;
			attributes = {
				BuildIndependentTargetsInParallel = 1;
				LastSwiftUpdateCheck = 1630;
				LastUpgradeCheck = 1630;
				TargetAttributes = {
					E28161822DCFFA57002E0021 = {
						CreatedOnToolsVersion = 16.3;
					};
					E281618F2DCFFA59002E0021 = {
						CreatedOnToolsVersion = 16.3;
						TestTargetID = E28161822DCFFA57002E0021;
					};
					E28161992DCFFA59002E0021 = {
						CreatedOnToolsVersion = 16.3;
						TestTargetID = E28161822DCFFA57002E0021;
					};
				};
			};
			buildConfigurationList = E281617E2DCFFA57002E0021 /* Build configuration list for PBXProject "pinpoint" */;
			developmentRegion = en;
			hasScannedForEncodings = 0;
			knownRegions = (
				en,
				Base,
			);
			mainGroup = E281617A2DCFFA57002E0021;
			minimizedProjectReferenceProxies = 1;
			packageReferences = (
				E291AE852DD04FBD006B479D /* XCRemoteSwiftPackageReference "CocoaMQTT" */,
			);
			preferredProjectObjectVersion = 77;
			productRefGroup = E28161842DCFFA57002E0021 /* Products */;
			projectDirPath = "";
			projectRoot = "";
			targets = (
				E28161822DCFFA57002E0021 /* pinpoint */,
				E281618F2DCFFA59002E0021 /* pinpointTests */,
				E28161992DCFFA59002E0021 /* pinpointUITests */,
			);
		};
/* End PBXProject section */

/* Begin PBXResourcesBuildPhase section */
		E28161812DCFFA57002E0021 /* Resources */ = {
			isa = PBXResourcesBuildPhase;
			buildActionMask = 2147483647;
			files = (
				E291AE8C2DD0F997006B479D /* emqxsl-ca-pinpoint-dev.crt in Resources */,
			);
			runOnlyForDeploymentPostprocessing = 0;
		};
		E281618E2DCFFA59002E0021 /* Resources */ = {
			isa = PBXResourcesBuildPhase;
			buildActionMask = 2147483647;
			files = (
			);
			runOnlyForDeploymentPostprocessing = 0;
		};
		E28161982DCFFA59002E0021 /* Resources */ = {
			isa = PBXResourcesBuildPhase;
			buildActionMask = 2147483647;
			files = (
			);
			runOnlyForDeploymentPostprocessing = 0;
		};
/* End PBXResourcesBuildPhase section */

/* Begin PBXSourcesBuildPhase section */
		E281617F2DCFFA57002E0021 /* Sources */ = {
			isa = PBXSourcesBuildPhase;
			buildActionMask = 2147483647;
			files = (
			);
			runOnlyForDeploymentPostprocessing = 0;
		};
		E281618C2DCFFA59002E0021 /* Sources */ = {
			isa = PBXSourcesBuildPhase;
			buildActionMask = 2147483647;
			files = (
			);
			runOnlyForDeploymentPostprocessing = 0;
		};
		E28161962DCFFA59002E0021 /* Sources */ = {
			isa = PBXSourcesBuildPhase;
			buildActionMask = 2147483647;
			files = (
			);
			runOnlyForDeploymentPostprocessing = 0;
		};
/* End PBXSourcesBuildPhase section */

/* Begin PBXTargetDependency section */
		E28161922DCFFA59002E0021 /* PBXTargetDependency */ = {
			isa = PBXTargetDependency;
			target = E28161822DCFFA57002E0021 /* pinpoint */;
			targetProxy = E28161912DCFFA59002E0021 /* PBXContainerItemProxy */;
		};
		E281619C2DCFFA59002E0021 /* PBXTargetDependency */ = {
			isa = PBXTargetDependency;
			target = E28161822DCFFA57002E0021 /* pinpoint */;
			targetProxy = E281619B2DCFFA59002E0021 /* PBXContainerItemProxy */;
		};
/* End PBXTargetDependency section */

/* Begin XCBuildConfiguration section */
		E28161A22DCFFA59002E0021 /* Debug */ = {
			isa = XCBuildConfiguration;
			buildSettings = {
				ALWAYS_SEARCH_USER_PATHS = NO;
				ASSETCATALOG_COMPILER_GENERATE_SWIFT_ASSET_SYMBOL_EXTENSIONS = YES;
				CLANG_ANALYZER_NONNULL = YES;
				CLANG_ANALYZER_NUMBER_OBJECT_CONVERSION = YES_AGGRESSIVE;
				CLANG_CXX_LANGUAGE_STANDARD = "gnu++20";
				CLANG_ENABLE_MODULES = YES;
				CLANG_ENABLE_OBJC_ARC = YES;
				CLANG_ENABLE_OBJC_WEAK = YES;
				CLANG_WARN_BLOCK_CAPTURE_AUTORELEASING = YES;
				CLANG_WARN_BOOL_CONVERSION = YES;
				CLANG_WARN_COMMA = YES;
				CLANG_WARN_CONSTANT_CONVERSION = YES;
				CLANG_WARN_DEPRECATED_OBJC_IMPLEMENTATIONS = YES;
				CLANG_WARN_DIRECT_OBJC_ISA_USAGE = YES_ERROR;
				CLANG_WARN_DOCUMENTATION_COMMENTS = YES;
				CLANG_WARN_EMPTY_BODY = YES;
				CLANG_WARN_ENUM_CONVERSION = YES;
				CLANG_WARN_INFINITE_RECURSION = YES;
				CLANG_WARN_INT_CONVERSION = YES;
				CLANG_WARN_NON_LITERAL_NULL_CONVERSION = YES;
				CLANG_WARN_OBJC_IMPLICIT_RETAIN_SELF = YES;
				CLANG_WARN_OBJC_LITERAL_CONVERSION = YES;
				CLANG_WARN_OBJC_ROOT_CLASS = YES_ERROR;
				CLANG_WARN_QUOTED_INCLUDE_IN_FRAMEWORK_HEADER = YES;
				CLANG_WARN_RANGE_LOOP_ANALYSIS = YES;
				CLANG_WARN_STRICT_PROTOTYPES = YES;
				CLANG_WARN_SUSPICIOUS_MOVE = YES;
				CLANG_WARN_UNGUARDED_AVAILABILITY = YES_AGGRESSIVE;
				CLANG_WARN_UNREACHABLE_CODE = YES;
				CLANG_WARN__DUPLICATE_METHOD_MATCH = YES;
				COPY_PHASE_STRIP = NO;
				DEBUG_INFORMATION_FORMAT = dwarf;
				DEVELOPMENT_TEAM = XN3RUKH46A;
				ENABLE_STRICT_OBJC_MSGSEND = YES;
				ENABLE_TESTABILITY = YES;
				ENABLE_USER_SCRIPT_SANDBOXING = YES;
				GCC_C_LANGUAGE_STANDARD = gnu17;
				GCC_DYNAMIC_NO_PIC = NO;
				GCC_NO_COMMON_BLOCKS = YES;
				GCC_OPTIMIZATION_LEVEL = 0;
				GCC_PREPROCESSOR_DEFINITIONS = (
					"DEBUG=1",
					"$(inherited)",
				);
				GCC_WARN_64_TO_32_BIT_CONVERSION = YES;
				GCC_WARN_ABOUT_RETURN_TYPE = YES_ERROR;
				GCC_WARN_UNDECLARED_SELECTOR = YES;
				GCC_WARN_UNINITIALIZED_AUTOS = YES_AGGRESSIVE;
				GCC_WARN_UNUSED_FUNCTION = YES;
				GCC_WARN_UNUSED_VARIABLE = YES;
				IPHONEOS_DEPLOYMENT_TARGET = 18.4;
				LOCALIZATION_PREFERS_STRING_CATALOGS = YES;
				MTL_ENABLE_DEBUG_INFO = INCLUDE_SOURCE;
				MTL_FAST_MATH = YES;
				ONLY_ACTIVE_ARCH = YES;
				SDKROOT = iphoneos;
				SWIFT_ACTIVE_COMPILATION_CONDITIONS = "DEBUG $(inherited)";
				SWIFT_OPTIMIZATION_LEVEL = "-Onone";
			};
			name = Debug;
		};
		E28161A32DCFFA59002E0021 /* Release */ = {
			isa = XCBuildConfiguration;
			buildSettings = {
				ALWAYS_SEARCH_USER_PATHS = NO;
				ASSETCATALOG_COMPILER_GENERATE_SWIFT_ASSET_SYMBOL_EXTENSIONS = YES;
				CLANG_ANALYZER_NONNULL = YES;
				CLANG_ANALYZER_NUMBER_OBJECT_CONVERSION = YES_AGGRESSIVE;
				CLANG_CXX_LANGUAGE_STANDARD = "gnu++20";
				CLANG_ENABLE_MODULES = YES;
				CLANG_ENABLE_OBJC_ARC = YES;
				CLANG_ENABLE_OBJC_WEAK = YES;
				CLANG_WARN_BLOCK_CAPTURE_AUTORELEASING = YES;
				CLANG_WARN_BOOL_CONVERSION = YES;
				CLANG_WARN_COMMA = YES;
				CLANG_WARN_CONSTANT_CONVERSION = YES;
				CLANG_WARN_DEPRECATED_OBJC_IMPLEMENTATIONS = YES;
				CLANG_WARN_DIRECT_OBJC_ISA_USAGE = YES_ERROR;
				CLANG_WARN_DOCUMENTATION_COMMENTS = YES;
				CLANG_WARN_EMPTY_BODY = YES;
				CLANG_WARN_ENUM_CONVERSION = YES;
				CLANG_WARN_INFINITE_RECURSION = YES;
				CLANG_WARN_INT_CONVERSION = YES;
				CLANG_WARN_NON_LITERAL_NULL_CONVERSION = YES;
				CLANG_WARN_OBJC_IMPLICIT_RETAIN_SELF = YES;
				CLANG_WARN_OBJC_LITERAL_CONVERSION = YES;
				CLANG_WARN_OBJC_ROOT_CLASS = YES_ERROR;
				CLANG_WARN_QUOTED_INCLUDE_IN_FRAMEWORK_HEADER = YES;
				CLANG_WARN_RANGE_LOOP_ANALYSIS = YES;
				CLANG_WARN_STRICT_PROTOTYPES = YES;
				CLANG_WARN_SUSPICIOUS_MOVE = YES;
				CLANG_WARN_UNGUARDED_AVAILABILITY = YES_AGGRESSIVE;
				CLANG_WARN_UNREACHABLE_CODE = YES;
				CLANG_WARN__DUPLICATE_METHOD_MATCH = YES;
				COPY_PHASE_STRIP = NO;
				DEBUG_INFORMATION_FORMAT = "dwarf-with-dsym";
				DEVELOPMENT_TEAM = XN3RUKH46A;
				ENABLE_NS_ASSERTIONS = NO;
				ENABLE_STRICT_OBJC_MSGSEND = YES;
				ENABLE_USER_SCRIPT_SANDBOXING = YES;
				GCC_C_LANGUAGE_STANDARD = gnu17;
				GCC_NO_COMMON_BLOCKS = YES;
				GCC_WARN_64_TO_32_BIT_CONVERSION = YES;
				GCC_WARN_ABOUT_RETURN_TYPE = YES_ERROR;
				GCC_WARN_UNDECLARED_SELECTOR = YES;
				GCC_WARN_UNINITIALIZED_AUTOS = YES_AGGRESSIVE;
				GCC_WARN_UNUSED_FUNCTION = YES;
				GCC_WARN_UNUSED_VARIABLE = YES;
				IPHONEOS_DEPLOYMENT_TARGET = 18.4;
				LOCALIZATION_PREFERS_STRING_CATALOGS = YES;
				MTL_ENABLE_DEBUG_INFO = NO;
				MTL_FAST_MATH = YES;
				SDKROOT = iphoneos;
				SWIFT_COMPILATION_MODE = wholemodule;
				VALIDATE_PRODUCT = YES;
			};
			name = Release;
		};
		E28161A52DCFFA59002E0021 /* Debug */ = {
			isa = XCBuildConfiguration;
			buildSettings = {
				ASSETCATALOG_COMPILER_APPICON_NAME = AppIcon;
				ASSETCATALOG_COMPILER_GLOBAL_ACCENT_COLOR_NAME = AccentColor;
				CODE_SIGN_STYLE = Automatic;
				CURRENT_PROJECT_VERSION = 1;
				DEVELOPMENT_TEAM = XN3RUKH46A;
				ENABLE_PREVIEWS = YES;
				GENERATE_INFOPLIST_FILE = NO;
				INFOPLIST_FILE = Info.plist;
				MARKETING_VERSION = 1.0;
				PRODUCT_BUNDLE_IDENTIFIER = com.pinpoint.pinpoint;
				PRODUCT_NAME = "$(TARGET_NAME)";
				SWIFT_EMIT_LOC_STRINGS = YES;
				SWIFT_VERSION = 5.0;
				TARGETED_DEVICE_FAMILY = "1,2";
			};
			name = Debug;
		};
		E28161A62DCFFA59002E0021 /* Release */ = {
			isa = XCBuildConfiguration;
			buildSettings = {
				ASSETCATALOG_COMPILER_APPICON_NAME = AppIcon;
				ASSETCATALOG_COMPILER_GLOBAL_ACCENT_COLOR_NAME = AccentColor;
				CODE_SIGN_STYLE = Automatic;
				CURRENT_PROJECT_VERSION = 1;
				DEVELOPMENT_TEAM = XN3RUKH46A;
				ENABLE_PREVIEWS = YES;
				GENERATE_INFOPLIST_FILE = NO;
				INFOPLIST_FILE = Info.plist;
				MARKETING_VERSION = 1.0;
				PRODUCT_BUNDLE_IDENTIFIER = com.pinpoint.pinpoint;
				PRODUCT_NAME = "$(TARGET_NAME)";
				SWIFT_EMIT_LOC_STRINGS = YES;
				SWIFT_VERSION = 5.0;
				TARGETED_DEVICE_FAMILY = "1,2";
			};
			name = Release;
		};
		E28161A82DCFFA59002E0021 /* Debug */ = {
			isa = XCBuildConfiguration;
			buildSettings = {
				BUNDLE_LOADER = "$(TEST_HOST)";
				CODE_SIGN_STYLE = Automatic;
				CURRENT_PROJECT_VERSION = 1;
				DEVELOPMENT_TEAM = XN3RUKH46A;
				GENERATE_INFOPLIST_FILE = NO;
				IPHONEOS_DEPLOYMENT_TARGET = 18.4;
				MARKETING_VERSION = 1.0;
				PRODUCT_BUNDLE_IDENTIFIER = com.pinpoint.pinpointTests;
				PRODUCT_NAME = "$(TARGET_NAME)";
				SWIFT_EMIT_LOC_STRINGS = NO;
				SWIFT_VERSION = 5.0;
				TARGETED_DEVICE_FAMILY = "1,2";
				TEST_HOST = "$(BUILT_PRODUCTS_DIR)/pinpoint.app/$(BUNDLE_EXECUTABLE_FOLDER_PATH)/pinpoint";
			};
			name = Debug;
		};
		E28161A92DCFFA59002E0021 /* Release */ = {
			isa = XCBuildConfiguration;
			buildSettings = {
				BUNDLE_LOADER = "$(TEST_HOST)";
				CODE_SIGN_STYLE = Automatic;
				CURRENT_PROJECT_VERSION = 1;
				DEVELOPMENT_TEAM = XN3RUKH46A;
				GENERATE_INFOPLIST_FILE = NO;
				IPHONEOS_DEPLOYMENT_TARGET = 18.4;
				MARKETING_VERSION = 1.0;
				PRODUCT_BUNDLE_IDENTIFIER = com.pinpoint.pinpointTests;
				PRODUCT_NAME = "$(TARGET_NAME)";
				SWIFT_EMIT_LOC_STRINGS = NO;
				SWIFT_VERSION = 5.0;
				TARGETED_DEVICE_FAMILY = "1,2";
				TEST_HOST = "$(BUILT_PRODUCTS_DIR)/pinpoint.app/$(BUNDLE_EXECUTABLE_FOLDER_PATH)/pinpoint";
			};
			name = Release;
		};
		E28161AB2DCFFA59002E0021 /* Debug */ = {
			isa = XCBuildConfiguration;
			buildSettings = {
				CODE_SIGN_STYLE = Automatic;
				CURRENT_PROJECT_VERSION = 1;
				DEVELOPMENT_TEAM = XN3RUKH46A;
				GENERATE_INFOPLIST_FILE = NO;
				MARKETING_VERSION = 1.0;
				PRODUCT_BUNDLE_IDENTIFIER = com.pinpoint.pinpointUITests;
				PRODUCT_NAME = "$(TARGET_NAME)";
				SWIFT_EMIT_LOC_STRINGS = NO;
				SWIFT_VERSION = 5.0;
				TARGETED_DEVICE_FAMILY = "1,2";
				TEST_TARGET_NAME = pinpoint;
			};
			name = Debug;
		};
		E28161AC2DCFFA59002E0021 /* Release */ = {
			isa = XCBuildConfiguration;
			buildSettings = {
				CODE_SIGN_STYLE = Automatic;
				CURRENT_PROJECT_VERSION = 1;
				DEVELOPMENT_TEAM = XN3RUKH46A;
				GENERATE_INFOPLIST_FILE = NO;
				MARKETING_VERSION = 1.0;
				PRODUCT_BUNDLE_IDENTIFIER = com.pinpoint.pinpointUITests;
				PRODUCT_NAME = "$(TARGET_NAME)";
				SWIFT_EMIT_LOC_STRINGS = NO;
				SWIFT_VERSION = 5.0;
				TARGETED_DEVICE_FAMILY = "1,2";
				TEST_TARGET_NAME = pinpoint;
			};
			name = Release;
		};
/* End XCBuildConfiguration section */

/* Begin XCConfigurationList section */
		E281617E2DCFFA57002E0021 /* Build configuration list for PBXProject "pinpoint" */ = {
			isa = XCConfigurationList;
			buildConfigurations = (
				E28161A22DCFFA59002E0021 /* Debug */,
				E28161A32DCFFA59002E0021 /* Release */,
			);
			defaultConfigurationIsVisible = 0;
			defaultConfigurationName = Release;
		};
		E28161A42DCFFA59002E0021 /* Build configuration list for PBXNativeTarget "pinpoint" */ = {
			isa = XCConfigurationList;
			buildConfigurations = (
				E28161A52DCFFA59002E0021 /* Debug */,
				E28161A62DCFFA59002E0021 /* Release */,
			);
			defaultConfigurationIsVisible = 0;
			defaultConfigurationName = Release;
		};
		E28161A72DCFFA59002E0021 /* Build configuration list for PBXNativeTarget "pinpointTests" */ = {
			isa = XCConfigurationList;
			buildConfigurations = (
				E28161A82DCFFA59002E0021 /* Debug */,
				E28161A92DCFFA59002E0021 /* Release */,
			);
			defaultConfigurationIsVisible = 0;
			defaultConfigurationName = Release;
		};
		E28161AA2DCFFA59002E0021 /* Build configuration list for PBXNativeTarget "pinpointUITests" */ = {
			isa = XCConfigurationList;
			buildConfigurations = (
				E28161AB2DCFFA59002E0021 /* Debug */,
				E28161AC2DCFFA59002E0021 /* Release */,
			);
			defaultConfigurationIsVisible = 0;
			defaultConfigurationName = Release;
		};
/* End XCConfigurationList section */

/* Begin XCRemoteSwiftPackageReference section */
		E291AE852DD04FBD006B479D /* XCRemoteSwiftPackageReference "CocoaMQTT" */ = {
			isa = XCRemoteSwiftPackageReference;
			repositoryURL = "https://github.com/emqx/CocoaMQTT";
			requirement = {
				kind = upToNextMajorVersion;
				minimumVersion = 2.1.9;
			};
		};
/* End XCRemoteSwiftPackageReference section */

/* Begin XCSwiftPackageProductDependency section */
		E291AE872DD05723006B479D /* CocoaMQTT */ = {
			isa = XCSwiftPackageProductDependency;
			package = E291AE852DD04FBD006B479D /* XCRemoteSwiftPackageReference "CocoaMQTT" */;
			productName = CocoaMQTT;
		};
/* End XCSwiftPackageProductDependency section */
	};
	rootObject = E281617B2DCFFA57002E0021 /* Project object */;
}
